
Microsoft Visual Studio Solution File, Format Version 12.00
# Visual Studio Version 16
VisualStudioVersion = 16.0.32602.291
MinimumVisualStudioVersion = 10.0.40219.1
Project("{2150E333-8FDC-42A3-9474-1A3956D46DE8}") = "Introduccion", "Introduccion", "{AACB9FA3-F600-4639-803D-8582EC912781}"
EndProject
Project("{9A19103F-16F7-4668-BE54-9A1E7A4F7556}") = "Ej01_maxMin", "Ej01_maxMin\Ej01_maxMin.csproj", "{C85E8FAB-F64D-4C36-9973-87DFB51CF8FC}"
EndProject
Project("{2150E333-8FDC-42A3-9474-1A3956D46DE8}") = "Clase 1", "Clase 1", "{32FB8C97-732A-485C-8F4F-55A0C69F74E7}"
EndProject
Project("{9A19103F-16F7-4668-BE54-9A1E7A4F7556}") = "ej-02-ErrorAlCubo", "ej-02-ErrorAlCubo\ej-02-ErrorAlCubo.csproj", "{7DD52843-DBE2-42B5-ADA8-7E46C08E08C1}"
EndProject
Project("{FAE04EC0-301F-11D3-BF4B-00C04F79EFBC}") = "ej03-numPrimos", "ej03-numPrimos\ej03-numPrimos.csproj", "{5670AB3C-751C-4262-85AD-335F9A3D039B}"
EndProject
Project("{2150E333-8FDC-42A3-9474-1A3956D46DE8}") = "Clase 2", "Clase 2", "{AF969B2F-2539-4F37-A003-E3AC0F63A1CC}"
EndProject
Project("{FAE04EC0-301F-11D3-BF4B-00C04F79EFBC}") = "ejemplo_clase2", "ejemplo_clase2\ejemplo_clase2.csproj", "{A3DC595E-A087-4641-91F0-BA9BCBAB1E2F}"
EndProject
Global
	GlobalSection(SolutionConfigurationPlatforms) = preSolution
		Debug|Any CPU = Debug|Any CPU
		Release|Any CPU = Release|Any CPU
	EndGlobalSection
	GlobalSection(ProjectConfigurationPlatforms) = postSolution
		{C85E8FAB-F64D-4C36-9973-87DFB51CF8FC}.Debug|Any CPU.ActiveCfg = Debug|Any CPU
		{C85E8FAB-F64D-4C36-9973-87DFB51CF8FC}.Debug|Any CPU.Build.0 = Debug|Any CPU
		{C85E8FAB-F64D-4C36-9973-87DFB51CF8FC}.Release|Any CPU.ActiveCfg = Release|Any CPU
		{C85E8FAB-F64D-4C36-9973-87DFB51CF8FC}.Release|Any CPU.Build.0 = Release|Any CPU
		{7DD52843-DBE2-42B5-ADA8-7E46C08E08C1}.Debug|Any CPU.ActiveCfg = Debug|Any CPU
		{7DD52843-DBE2-42B5-ADA8-7E46C08E08C1}.Debug|Any CPU.Build.0 = Debug|Any CPU
		{7DD52843-DBE2-42B5-ADA8-7E46C08E08C1}.Release|Any CPU.ActiveCfg = Release|Any CPU
		{7DD52843-DBE2-42B5-ADA8-7E46C08E08C1}.Release|Any CPU.Build.0 = Release|Any CPU
		{5670AB3C-751C-4262-85AD-335F9A3D039B}.Debug|Any CPU.ActiveCfg = Debug|Any CPU
		{5670AB3C-751C-4262-85AD-335F9A3D039B}.Debug|Any CPU.Build.0 = Debug|Any CPU
		{5670AB3C-751C-4262-85AD-335F9A3D039B}.Release|Any CPU.ActiveCfg = Release|Any CPU
		{5670AB3C-751C-4262-85AD-335F9A3D039B}.Release|Any CPU.Build.0 = Release|Any CPU
		{A3DC595E-A087-4641-91F0-BA9BCBAB1E2F}.Debug|Any CPU.ActiveCfg = Debug|Any CPU
		{A3DC595E-A087-4641-91F0-BA9BCBAB1E2F}.Debug|Any CPU.Build.0 = Debug|Any CPU
		{A3DC595E-A087-4641-91F0-BA9BCBAB1E2F}.Release|Any CPU.ActiveCfg = Release|Any CPU
		{A3DC595E-A087-4641-91F0-BA9BCBAB1E2F}.Release|Any CPU.Build.0 = Release|Any CPU
	EndGlobalSection
	GlobalSection(SolutionProperties) = preSolution
		HideSolutionNode = FALSE
	EndGlobalSection
	GlobalSection(NestedProjects) = preSolution
		{AACB9FA3-F600-4639-803D-8582EC912781} = {32FB8C97-732A-485C-8F4F-55A0C69F74E7}
		{C85E8FAB-F64D-4C36-9973-87DFB51CF8FC} = {AACB9FA3-F600-4639-803D-8582EC912781}
		{7DD52843-DBE2-42B5-ADA8-7E46C08E08C1} = {AACB9FA3-F600-4639-803D-8582EC912781}
		{5670AB3C-751C-4262-85AD-335F9A3D039B} = {AACB9FA3-F600-4639-803D-8582EC912781}
		{A3DC595E-A087-4641-91F0-BA9BCBAB1E2F} = {AF969B2F-2539-4F37-A003-E3AC0F63A1CC}
	EndGlobalSection
	GlobalSection(ExtensibilityGlobals) = postSolution
		SolutionGuid = {E34C3AFE-306C-4AD0-91E1-82D5B6213541}
	EndGlobalSection
EndGlobal
