
Microsoft Visual Studio Solution File, Format Version 12.00
# Visual Studio Version 16
VisualStudioVersion = 16.0.32602.291
MinimumVisualStudioVersion = 10.0.40219.1
Project("{2150E333-8FDC-42A3-9474-1A3956D46DE8}") = "Introduccion", "Introduccion", "{AACB9FA3-F600-4639-803D-8582EC912781}"
EndProject
Project("{9A19103F-16F7-4668-BE54-9A1E7A4F7556}") = "Ej01_maxMin", "Ej01_maxMin\Ej01_maxMin.csproj", "{C85E8FAB-F64D-4C36-9973-87DFB51CF8FC}"
EndProject
Project("{2150E333-8FDC-42A3-9474-1A3956D46DE8}") = "Clase 1", "Clase 1", "{32FB8C97-732A-485C-8F4F-55A0C69F74E7}"
EndProject
Project("{9A19103F-16F7-4668-BE54-9A1E7A4F7556}") = "ej-02-ErrorAlCubo", "ej-02-ErrorAlCubo\ej-02-ErrorAlCubo.csproj", "{7DD52843-DBE2-42B5-ADA8-7E46C08E08C1}"
EndProject
Project("{9A19103F-16F7-4668-BE54-9A1E7A4F7556}") = "ej03-numPrimos", "ej03-numPrimos\ej03-numPrimos.csproj", "{5670AB3C-751C-4262-85AD-335F9A3D039B}"
EndProject
Project("{2150E333-8FDC-42A3-9474-1A3956D46DE8}") = "Clase 2", "Clase 2", "{AF969B2F-2539-4F37-A003-E3AC0F63A1CC}"
EndProject
Project("{9A19103F-16F7-4668-BE54-9A1E7A4F7556}") = "ej-04-NumerosPerfectos", "ej-04-NumerosPerfectos\ej-04-NumerosPerfectos.csproj", "{C34D7585-8679-4009-B671-C556A6B16781}"
EndProject
Project("{9A19103F-16F7-4668-BE54-9A1E7A4F7556}") = "ej-05-TirameUnCentro", "ej-05-TirameUnCentro\ej-05-TirameUnCentro.csproj", "{3E75FD42-2C18-4277-B93A-307AF1397A03}"
EndProject
Project("{9A19103F-16F7-4668-BE54-9A1E7A4F7556}") = "ej06-ReciboDeSueldo", "ej06-ReciboDeSueldo\ej06-ReciboDeSueldo.csproj", "{003803CA-F236-4685-AC03-5E43D7ED0B3B}"
EndProject
Project("{2150E333-8FDC-42A3-9474-1A3956D46DE8}") = "Clases_Metodos_estaticos", "Clases_Metodos_estaticos", "{9F85BA14-8837-4D2C-ADA4-F693DB6A8AC5}"
EndProject
Project("{9A19103F-16F7-4668-BE54-9A1E7A4F7556}") = "ej01-ValidandoRangos", "ej01-ValidandoRangos\ej01-ValidandoRangos.csproj", "{9DBA6609-6B0D-4902-A46E-1BD81E25607D}"
EndProject
Project("{2150E333-8FDC-42A3-9474-1A3956D46DE8}") = "Colecciones", "Colecciones", "{AA85D516-6629-4F32-AE39-3FC2BD7203AB}"
EndProject
Project("{9A19103F-16F7-4668-BE54-9A1E7A4F7556}") = "ej01-NumerosLocos", "ej01-NumerosLocos\ej01-NumerosLocos.csproj", "{3AEEA806-92FF-4449-A744-08E3830A11B4}"
EndProject
Project("{2150E333-8FDC-42A3-9474-1A3956D46DE8}") = "Herencia", "Herencia", "{DDE07A7E-7781-4DE5-9E99-DE3C52B3A805}"
EndProject
Project("{9A19103F-16F7-4668-BE54-9A1E7A4F7556}") = "Entidades-Ej01", "Entidades-Ej01\Entidades-Ej01.csproj", "{9EF8489D-5FA4-4156-BACD-70C9FA1816B0}"
EndProject
Project("{9A19103F-16F7-4668-BE54-9A1E7A4F7556}") = "Ej01-ViajarEsUnPlacer", "Ej01-ViajarEsUnPlacer\Ej01-ViajarEsUnPlacer.csproj", "{92009ACD-5641-497E-AA16-387341185200}"
EndProject
Project("{2150E333-8FDC-42A3-9474-1A3956D46DE8}") = "Coleccines-EstadisticaDeportiva", "Coleccines-EstadisticaDeportiva", "{9A2EE1B0-2467-4599-BCF4-4BC942A3C44E}"
EndProject
Project("{9A19103F-16F7-4668-BE54-9A1E7A4F7556}") = "Ej01-Entidades", "Ej01-Entidades\Ej01-Entidades.csproj", "{31E0D8C7-1066-442F-BEA9-6FF1EFD1B971}"
EndProject
Project("{9A19103F-16F7-4668-BE54-9A1E7A4F7556}") = "ej01-EstadisticaDeportiva", "ej01-EstadisticaDeportiva\ej01-EstadisticaDeportiva.csproj", "{B04B486A-ADE6-4576-B027-2C27193B458D}"
EndProject
Project("{FAE04EC0-301F-11D3-BF4B-00C04F79EFBC}") = "Ej02-DeseaContinuar", "Ej02-DeseaContinuar\Ej02-DeseaContinuar.csproj", "{909F85D4-7B71-4F75-BFAA-F799B1FA6DB8}"
EndProject
Project("{FAE04EC0-301F-11D3-BF4B-00C04F79EFBC}") = "Ej03-ConversorBinario", "Ej03-ConversorBinario\Ej03-ConversorBinario.csproj", "{0CC2CC42-B90B-4DBE-9D3F-952D19409DDB}"
EndProject
Project("{FAE04EC0-301F-11D3-BF4B-00C04F79EFBC}") = "Ej04-Calculadora", "Ej04-Calculadora\Ej04-Calculadora.csproj", "{BFDD96FE-F8B6-4F6B-9966-EF5BCB975985}"
EndProject
Global
	GlobalSection(SolutionConfigurationPlatforms) = preSolution
		Debug|Any CPU = Debug|Any CPU
		Release|Any CPU = Release|Any CPU
	EndGlobalSection
	GlobalSection(ProjectConfigurationPlatforms) = postSolution
		{C85E8FAB-F64D-4C36-9973-87DFB51CF8FC}.Debug|Any CPU.ActiveCfg = Debug|Any CPU
		{C85E8FAB-F64D-4C36-9973-87DFB51CF8FC}.Debug|Any CPU.Build.0 = Debug|Any CPU
		{C85E8FAB-F64D-4C36-9973-87DFB51CF8FC}.Release|Any CPU.ActiveCfg = Release|Any CPU
		{C85E8FAB-F64D-4C36-9973-87DFB51CF8FC}.Release|Any CPU.Build.0 = Release|Any CPU
		{7DD52843-DBE2-42B5-ADA8-7E46C08E08C1}.Debug|Any CPU.ActiveCfg = Debug|Any CPU
		{7DD52843-DBE2-42B5-ADA8-7E46C08E08C1}.Debug|Any CPU.Build.0 = Debug|Any CPU
		{7DD52843-DBE2-42B5-ADA8-7E46C08E08C1}.Release|Any CPU.ActiveCfg = Release|Any CPU
		{7DD52843-DBE2-42B5-ADA8-7E46C08E08C1}.Release|Any CPU.Build.0 = Release|Any CPU
		{5670AB3C-751C-4262-85AD-335F9A3D039B}.Debug|Any CPU.ActiveCfg = Debug|Any CPU
		{5670AB3C-751C-4262-85AD-335F9A3D039B}.Debug|Any CPU.Build.0 = Debug|Any CPU
		{5670AB3C-751C-4262-85AD-335F9A3D039B}.Release|Any CPU.ActiveCfg = Release|Any CPU
		{5670AB3C-751C-4262-85AD-335F9A3D039B}.Release|Any CPU.Build.0 = Release|Any CPU
		{C34D7585-8679-4009-B671-C556A6B16781}.Debug|Any CPU.ActiveCfg = Debug|Any CPU
		{C34D7585-8679-4009-B671-C556A6B16781}.Debug|Any CPU.Build.0 = Debug|Any CPU
		{C34D7585-8679-4009-B671-C556A6B16781}.Release|Any CPU.ActiveCfg = Release|Any CPU
		{C34D7585-8679-4009-B671-C556A6B16781}.Release|Any CPU.Build.0 = Release|Any CPU
		{3E75FD42-2C18-4277-B93A-307AF1397A03}.Debug|Any CPU.ActiveCfg = Debug|Any CPU
		{3E75FD42-2C18-4277-B93A-307AF1397A03}.Debug|Any CPU.Build.0 = Debug|Any CPU
		{3E75FD42-2C18-4277-B93A-307AF1397A03}.Release|Any CPU.ActiveCfg = Release|Any CPU
		{3E75FD42-2C18-4277-B93A-307AF1397A03}.Release|Any CPU.Build.0 = Release|Any CPU
		{003803CA-F236-4685-AC03-5E43D7ED0B3B}.Debug|Any CPU.ActiveCfg = Debug|Any CPU
		{003803CA-F236-4685-AC03-5E43D7ED0B3B}.Debug|Any CPU.Build.0 = Debug|Any CPU
		{003803CA-F236-4685-AC03-5E43D7ED0B3B}.Release|Any CPU.ActiveCfg = Release|Any CPU
		{003803CA-F236-4685-AC03-5E43D7ED0B3B}.Release|Any CPU.Build.0 = Release|Any CPU
		{9DBA6609-6B0D-4902-A46E-1BD81E25607D}.Debug|Any CPU.ActiveCfg = Debug|Any CPU
		{9DBA6609-6B0D-4902-A46E-1BD81E25607D}.Debug|Any CPU.Build.0 = Debug|Any CPU
		{9DBA6609-6B0D-4902-A46E-1BD81E25607D}.Release|Any CPU.ActiveCfg = Release|Any CPU
		{9DBA6609-6B0D-4902-A46E-1BD81E25607D}.Release|Any CPU.Build.0 = Release|Any CPU
		{3AEEA806-92FF-4449-A744-08E3830A11B4}.Debug|Any CPU.ActiveCfg = Debug|Any CPU
		{3AEEA806-92FF-4449-A744-08E3830A11B4}.Debug|Any CPU.Build.0 = Debug|Any CPU
		{3AEEA806-92FF-4449-A744-08E3830A11B4}.Release|Any CPU.ActiveCfg = Release|Any CPU
		{3AEEA806-92FF-4449-A744-08E3830A11B4}.Release|Any CPU.Build.0 = Release|Any CPU
		{9EF8489D-5FA4-4156-BACD-70C9FA1816B0}.Debug|Any CPU.ActiveCfg = Debug|Any CPU
		{9EF8489D-5FA4-4156-BACD-70C9FA1816B0}.Debug|Any CPU.Build.0 = Debug|Any CPU
		{9EF8489D-5FA4-4156-BACD-70C9FA1816B0}.Release|Any CPU.ActiveCfg = Release|Any CPU
		{9EF8489D-5FA4-4156-BACD-70C9FA1816B0}.Release|Any CPU.Build.0 = Release|Any CPU
		{92009ACD-5641-497E-AA16-387341185200}.Debug|Any CPU.ActiveCfg = Debug|Any CPU
		{92009ACD-5641-497E-AA16-387341185200}.Debug|Any CPU.Build.0 = Debug|Any CPU
		{92009ACD-5641-497E-AA16-387341185200}.Release|Any CPU.ActiveCfg = Release|Any CPU
		{92009ACD-5641-497E-AA16-387341185200}.Release|Any CPU.Build.0 = Release|Any CPU
		{31E0D8C7-1066-442F-BEA9-6FF1EFD1B971}.Debug|Any CPU.ActiveCfg = Debug|Any CPU
		{31E0D8C7-1066-442F-BEA9-6FF1EFD1B971}.Debug|Any CPU.Build.0 = Debug|Any CPU
		{31E0D8C7-1066-442F-BEA9-6FF1EFD1B971}.Release|Any CPU.ActiveCfg = Release|Any CPU
		{31E0D8C7-1066-442F-BEA9-6FF1EFD1B971}.Release|Any CPU.Build.0 = Release|Any CPU
		{B04B486A-ADE6-4576-B027-2C27193B458D}.Debug|Any CPU.ActiveCfg = Debug|Any CPU
		{B04B486A-ADE6-4576-B027-2C27193B458D}.Debug|Any CPU.Build.0 = Debug|Any CPU
		{B04B486A-ADE6-4576-B027-2C27193B458D}.Release|Any CPU.ActiveCfg = Release|Any CPU
		{B04B486A-ADE6-4576-B027-2C27193B458D}.Release|Any CPU.Build.0 = Release|Any CPU
		{909F85D4-7B71-4F75-BFAA-F799B1FA6DB8}.Debug|Any CPU.ActiveCfg = Debug|Any CPU
		{909F85D4-7B71-4F75-BFAA-F799B1FA6DB8}.Debug|Any CPU.Build.0 = Debug|Any CPU
		{909F85D4-7B71-4F75-BFAA-F799B1FA6DB8}.Release|Any CPU.ActiveCfg = Release|Any CPU
		{909F85D4-7B71-4F75-BFAA-F799B1FA6DB8}.Release|Any CPU.Build.0 = Release|Any CPU
		{0CC2CC42-B90B-4DBE-9D3F-952D19409DDB}.Debug|Any CPU.ActiveCfg = Debug|Any CPU
		{0CC2CC42-B90B-4DBE-9D3F-952D19409DDB}.Debug|Any CPU.Build.0 = Debug|Any CPU
		{0CC2CC42-B90B-4DBE-9D3F-952D19409DDB}.Release|Any CPU.ActiveCfg = Release|Any CPU
		{0CC2CC42-B90B-4DBE-9D3F-952D19409DDB}.Release|Any CPU.Build.0 = Release|Any CPU
		{BFDD96FE-F8B6-4F6B-9966-EF5BCB975985}.Debug|Any CPU.ActiveCfg = Debug|Any CPU
		{BFDD96FE-F8B6-4F6B-9966-EF5BCB975985}.Debug|Any CPU.Build.0 = Debug|Any CPU
		{BFDD96FE-F8B6-4F6B-9966-EF5BCB975985}.Release|Any CPU.ActiveCfg = Release|Any CPU
		{BFDD96FE-F8B6-4F6B-9966-EF5BCB975985}.Release|Any CPU.Build.0 = Release|Any CPU
	EndGlobalSection
	GlobalSection(SolutionProperties) = preSolution
		HideSolutionNode = FALSE
	EndGlobalSection
	GlobalSection(NestedProjects) = preSolution
		{AACB9FA3-F600-4639-803D-8582EC912781} = {32FB8C97-732A-485C-8F4F-55A0C69F74E7}
		{C85E8FAB-F64D-4C36-9973-87DFB51CF8FC} = {AACB9FA3-F600-4639-803D-8582EC912781}
		{7DD52843-DBE2-42B5-ADA8-7E46C08E08C1} = {AACB9FA3-F600-4639-803D-8582EC912781}
		{5670AB3C-751C-4262-85AD-335F9A3D039B} = {AACB9FA3-F600-4639-803D-8582EC912781}
		{C34D7585-8679-4009-B671-C556A6B16781} = {AACB9FA3-F600-4639-803D-8582EC912781}
		{3E75FD42-2C18-4277-B93A-307AF1397A03} = {AACB9FA3-F600-4639-803D-8582EC912781}
		{003803CA-F236-4685-AC03-5E43D7ED0B3B} = {AACB9FA3-F600-4639-803D-8582EC912781}
		{9F85BA14-8837-4D2C-ADA4-F693DB6A8AC5} = {AF969B2F-2539-4F37-A003-E3AC0F63A1CC}
		{9DBA6609-6B0D-4902-A46E-1BD81E25607D} = {9F85BA14-8837-4D2C-ADA4-F693DB6A8AC5}
		{3AEEA806-92FF-4449-A744-08E3830A11B4} = {AA85D516-6629-4F32-AE39-3FC2BD7203AB}
		{9EF8489D-5FA4-4156-BACD-70C9FA1816B0} = {DDE07A7E-7781-4DE5-9E99-DE3C52B3A805}
		{92009ACD-5641-497E-AA16-387341185200} = {DDE07A7E-7781-4DE5-9E99-DE3C52B3A805}
		{31E0D8C7-1066-442F-BEA9-6FF1EFD1B971} = {9A2EE1B0-2467-4599-BCF4-4BC942A3C44E}
		{B04B486A-ADE6-4576-B027-2C27193B458D} = {9A2EE1B0-2467-4599-BCF4-4BC942A3C44E}
		{909F85D4-7B71-4F75-BFAA-F799B1FA6DB8} = {9F85BA14-8837-4D2C-ADA4-F693DB6A8AC5}
		{0CC2CC42-B90B-4DBE-9D3F-952D19409DDB} = {9F85BA14-8837-4D2C-ADA4-F693DB6A8AC5}
		{BFDD96FE-F8B6-4F6B-9966-EF5BCB975985} = {9F85BA14-8837-4D2C-ADA4-F693DB6A8AC5}
	EndGlobalSection
	GlobalSection(ExtensibilityGlobals) = postSolution
		SolutionGuid = {E34C3AFE-306C-4AD0-91E1-82D5B6213541}
	EndGlobalSection
EndGlobal
